
Microsoft Visual Studio Solution File, Format Version 12.00
# Visual Studio Version 17
VisualStudioVersion = 17.5.33424.131
MinimumVisualStudioVersion = 10.0.40219.1
Project("{FAE04EC0-301F-11D3-BF4B-00C04F79EFBC}") = "lab27", "lab27\lab27.csproj", "{51F3BA13-39CF-449B-96DB-6A8A04FC07BB}"
EndProject
Global
	GlobalSection(SolutionConfigurationPlatforms) = preSolution
		Debug|Any CPU = Debug|Any CPU
		Release|Any CPU = Release|Any CPU
	EndGlobalSection
	GlobalSection(ProjectConfigurationPlatforms) = postSolution
		{51F3BA13-39CF-449B-96DB-6A8A04FC07BB}.Debug|Any CPU.ActiveCfg = Debug|Any CPU
		{51F3BA13-39CF-449B-96DB-6A8A04FC07BB}.Debug|Any CPU.Build.0 = Debug|Any CPU
		{51F3BA13-39CF-449B-96DB-6A8A04FC07BB}.Release|Any CPU.ActiveCfg = Release|Any CPU
		{51F3BA13-39CF-449B-96DB-6A8A04FC07BB}.Release|Any CPU.Build.0 = Release|Any CPU
	EndGlobalSection
	GlobalSection(SolutionProperties) = preSolution
		HideSolutionNode = FALSE
	EndGlobalSection
	GlobalSection(ExtensibilityGlobals) = postSolution
		SolutionGuid = {803F9437-6F57-4E8E-9B59-05B6DD2949C6}
	EndGlobalSection
EndGlobal
